
Microsoft Visual Studio Solution File, Format Version 12.00
# Visual Studio 14
VisualStudioVersion = 14.0.25420.1
MinimumVisualStudioVersion = 10.0.40219.1
Project("{E24C65DC-7377-472B-9ABA-BC803B73C61A}") = "MaisFatec", "..\MaisFatec-20160912T140912Z\MaisFatec\", "{E25D4363-AF1B-4EE7-84EB-A9F673681026}"
	ProjectSection(WebsiteProperties) = preProject
		TargetFrameworkMoniker = ".NETFramework,Version%3Dv4.0"
		Debug.AspNetCompiler.VirtualPath = "/localhost_49329"
		Debug.AspNetCompiler.PhysicalPath = "..\MaisFatec-20160912T140912Z\MaisFatec\"
		Debug.AspNetCompiler.TargetPath = "PrecompiledWeb\localhost_49329\"
		Debug.AspNetCompiler.Updateable = "true"
		Debug.AspNetCompiler.ForceOverwrite = "true"
		Debug.AspNetCompiler.FixedNames = "false"
		Debug.AspNetCompiler.Debug = "True"
		Release.AspNetCompiler.VirtualPath = "/localhost_49329"
		Release.AspNetCompiler.PhysicalPath = "..\MaisFatec-20160912T140912Z\MaisFatec\"
		Release.AspNetCompiler.TargetPath = "PrecompiledWeb\localhost_49329\"
		Release.AspNetCompiler.Updateable = "true"
		Release.AspNetCompiler.ForceOverwrite = "true"
		Release.AspNetCompiler.FixedNames = "false"
		Release.AspNetCompiler.Debug = "False"
		VWDPort = "49329"
		SlnRelativePath = "..\MaisFatec-20160912T140912Z\MaisFatec\"
	EndProjectSection
EndProject
Global
	GlobalSection(SolutionConfigurationPlatforms) = preSolution
		Debug|Any CPU = Debug|Any CPU
	EndGlobalSection
	GlobalSection(ProjectConfigurationPlatforms) = postSolution
		{E25D4363-AF1B-4EE7-84EB-A9F673681026}.Debug|Any CPU.ActiveCfg = Debug|Any CPU
		{E25D4363-AF1B-4EE7-84EB-A9F673681026}.Debug|Any CPU.Build.0 = Debug|Any CPU
	EndGlobalSection
	GlobalSection(SolutionProperties) = preSolution
		HideSolutionNode = FALSE
	EndGlobalSection
EndGlobal
